
Microsoft Visual Studio Solution File, Format Version 12.00
# Visual Studio 15
VisualStudioVersion = 15.0.28010.2036
MinimumVisualStudioVersion = 10.0.40219.1
Project("{FAE04EC0-301F-11D3-BF4B-00C04F79EFBC}") = "C-Sharp-Lessons", "C-Sharp-Lessons\C-Sharp-Lessons.csproj", "{08CECB87-18E6-4093-A9E6-973219DDCD7F}"
EndProject
Project("{FAE04EC0-301F-11D3-BF4B-00C04F79EFBC}") = "ConsolLargeText", "ConsolLargeText\ConsolLargeText.csproj", "{ABD2268F-6351-4EA7-A569-B2DB876E2D0B}"
EndProject
Project("{FAE04EC0-301F-11D3-BF4B-00C04F79EFBC}") = "Tipes", "Tipes\Tipes.csproj", "{1A42D90F-EE4E-4AC7-A138-CB7A03C2840B}"
EndProject
Project("{FAE04EC0-301F-11D3-BF4B-00C04F79EFBC}") = "Variables", "Variables\Variables.csproj", "{DA12B516-B18D-441D-9DCE-E52C14C4F0B9}"
EndProject
Project("{FAE04EC0-301F-11D3-BF4B-00C04F79EFBC}") = "Geometric_Figures", "Geometric_Figures\Geometric_Figures.csproj", "{37E3F9CC-F5BB-489F-8B69-E37A07B6942D}"
EndProject
Project("{FAE04EC0-301F-11D3-BF4B-00C04F79EFBC}") = "For_Loop", "For_Loop\For_Loop.csproj", "{AC86272F-237D-499B-9AE7-8183AA27DF4A}"
EndProject
Project("{FAE04EC0-301F-11D3-BF4B-00C04F79EFBC}") = "Sum1", "Sum1\Sum1.csproj", "{885CA6AC-BBBC-4FAA-87C8-6BE50FFBB006}"
EndProject
Project("{FAE04EC0-301F-11D3-BF4B-00C04F79EFBC}") = "Rhombus", "Rhombus\Rhombus.csproj", "{42869E55-0108-4EA0-8E74-DB856685E5C1}"
EndProject
Project("{FAE04EC0-301F-11D3-BF4B-00C04F79EFBC}") = "HomeWork1", "HomeWork1\HomeWork1.csproj", "{71217FA3-0433-4C57-BBB5-9ECE04B364B6}"
EndProject
Project("{FAE04EC0-301F-11D3-BF4B-00C04F79EFBC}") = "Recursion", "Recursion\Recursion.csproj", "{FEBF8FF3-D342-4AC5-8FCC-F7FF7E3A2223}"
EndProject
Project("{FAE04EC0-301F-11D3-BF4B-00C04F79EFBC}") = "Arrays", "Arrays\Arrays.csproj", "{72845648-84EC-4A87-8575-BF5749087E9C}"
EndProject
Project("{FAE04EC0-301F-11D3-BF4B-00C04F79EFBC}") = "Array1", "Array1\Array1.csproj", "{9E111370-E209-46D7-A77D-87EC33B5CF0E}"
EndProject
Project("{FAE04EC0-301F-11D3-BF4B-00C04F79EFBC}") = "Class_soldier", "Class_soldier\Class_soldier.csproj", "{BDD97C0E-93A5-448E-9633-01BBF9F79D35}"
EndProject
Project("{FAE04EC0-301F-11D3-BF4B-00C04F79EFBC}") = "Fem_Model", "Fem_Model\Fem_Model.csproj", "{F714E099-8303-41D3-9BEB-057BDC27414A}"
EndProject
Project("{FAE04EC0-301F-11D3-BF4B-00C04F79EFBC}") = "GeometricShape", "GeometricShape\GeometricShape.csproj", "{6F2C6AB9-1103-48A2-A3E1-73A01FD8549F}"
EndProject
Global
	GlobalSection(SolutionConfigurationPlatforms) = preSolution
		Debug|Any CPU = Debug|Any CPU
		Release|Any CPU = Release|Any CPU
	EndGlobalSection
	GlobalSection(ProjectConfigurationPlatforms) = postSolution
		{08CECB87-18E6-4093-A9E6-973219DDCD7F}.Debug|Any CPU.ActiveCfg = Debug|Any CPU
		{08CECB87-18E6-4093-A9E6-973219DDCD7F}.Debug|Any CPU.Build.0 = Debug|Any CPU
		{08CECB87-18E6-4093-A9E6-973219DDCD7F}.Release|Any CPU.ActiveCfg = Release|Any CPU
		{08CECB87-18E6-4093-A9E6-973219DDCD7F}.Release|Any CPU.Build.0 = Release|Any CPU
		{ABD2268F-6351-4EA7-A569-B2DB876E2D0B}.Debug|Any CPU.ActiveCfg = Debug|Any CPU
		{ABD2268F-6351-4EA7-A569-B2DB876E2D0B}.Debug|Any CPU.Build.0 = Debug|Any CPU
		{ABD2268F-6351-4EA7-A569-B2DB876E2D0B}.Release|Any CPU.ActiveCfg = Release|Any CPU
		{ABD2268F-6351-4EA7-A569-B2DB876E2D0B}.Release|Any CPU.Build.0 = Release|Any CPU
		{1A42D90F-EE4E-4AC7-A138-CB7A03C2840B}.Debug|Any CPU.ActiveCfg = Debug|Any CPU
		{1A42D90F-EE4E-4AC7-A138-CB7A03C2840B}.Debug|Any CPU.Build.0 = Debug|Any CPU
		{1A42D90F-EE4E-4AC7-A138-CB7A03C2840B}.Release|Any CPU.ActiveCfg = Release|Any CPU
		{1A42D90F-EE4E-4AC7-A138-CB7A03C2840B}.Release|Any CPU.Build.0 = Release|Any CPU
		{DA12B516-B18D-441D-9DCE-E52C14C4F0B9}.Debug|Any CPU.ActiveCfg = Debug|Any CPU
		{DA12B516-B18D-441D-9DCE-E52C14C4F0B9}.Debug|Any CPU.Build.0 = Debug|Any CPU
		{DA12B516-B18D-441D-9DCE-E52C14C4F0B9}.Release|Any CPU.ActiveCfg = Release|Any CPU
		{DA12B516-B18D-441D-9DCE-E52C14C4F0B9}.Release|Any CPU.Build.0 = Release|Any CPU
		{37E3F9CC-F5BB-489F-8B69-E37A07B6942D}.Debug|Any CPU.ActiveCfg = Debug|Any CPU
		{37E3F9CC-F5BB-489F-8B69-E37A07B6942D}.Debug|Any CPU.Build.0 = Debug|Any CPU
		{37E3F9CC-F5BB-489F-8B69-E37A07B6942D}.Release|Any CPU.ActiveCfg = Release|Any CPU
		{37E3F9CC-F5BB-489F-8B69-E37A07B6942D}.Release|Any CPU.Build.0 = Release|Any CPU
		{AC86272F-237D-499B-9AE7-8183AA27DF4A}.Debug|Any CPU.ActiveCfg = Debug|Any CPU
		{AC86272F-237D-499B-9AE7-8183AA27DF4A}.Debug|Any CPU.Build.0 = Debug|Any CPU
		{AC86272F-237D-499B-9AE7-8183AA27DF4A}.Release|Any CPU.ActiveCfg = Release|Any CPU
		{AC86272F-237D-499B-9AE7-8183AA27DF4A}.Release|Any CPU.Build.0 = Release|Any CPU
		{885CA6AC-BBBC-4FAA-87C8-6BE50FFBB006}.Debug|Any CPU.ActiveCfg = Debug|Any CPU
		{885CA6AC-BBBC-4FAA-87C8-6BE50FFBB006}.Debug|Any CPU.Build.0 = Debug|Any CPU
		{885CA6AC-BBBC-4FAA-87C8-6BE50FFBB006}.Release|Any CPU.ActiveCfg = Release|Any CPU
		{885CA6AC-BBBC-4FAA-87C8-6BE50FFBB006}.Release|Any CPU.Build.0 = Release|Any CPU
		{42869E55-0108-4EA0-8E74-DB856685E5C1}.Debug|Any CPU.ActiveCfg = Debug|Any CPU
		{42869E55-0108-4EA0-8E74-DB856685E5C1}.Debug|Any CPU.Build.0 = Debug|Any CPU
		{42869E55-0108-4EA0-8E74-DB856685E5C1}.Release|Any CPU.ActiveCfg = Release|Any CPU
		{42869E55-0108-4EA0-8E74-DB856685E5C1}.Release|Any CPU.Build.0 = Release|Any CPU
		{71217FA3-0433-4C57-BBB5-9ECE04B364B6}.Debug|Any CPU.ActiveCfg = Debug|Any CPU
		{71217FA3-0433-4C57-BBB5-9ECE04B364B6}.Debug|Any CPU.Build.0 = Debug|Any CPU
		{71217FA3-0433-4C57-BBB5-9ECE04B364B6}.Release|Any CPU.ActiveCfg = Release|Any CPU
		{71217FA3-0433-4C57-BBB5-9ECE04B364B6}.Release|Any CPU.Build.0 = Release|Any CPU
		{FEBF8FF3-D342-4AC5-8FCC-F7FF7E3A2223}.Debug|Any CPU.ActiveCfg = Debug|Any CPU
		{FEBF8FF3-D342-4AC5-8FCC-F7FF7E3A2223}.Debug|Any CPU.Build.0 = Debug|Any CPU
		{FEBF8FF3-D342-4AC5-8FCC-F7FF7E3A2223}.Release|Any CPU.ActiveCfg = Release|Any CPU
		{FEBF8FF3-D342-4AC5-8FCC-F7FF7E3A2223}.Release|Any CPU.Build.0 = Release|Any CPU
		{72845648-84EC-4A87-8575-BF5749087E9C}.Debug|Any CPU.ActiveCfg = Debug|Any CPU
		{72845648-84EC-4A87-8575-BF5749087E9C}.Debug|Any CPU.Build.0 = Debug|Any CPU
		{72845648-84EC-4A87-8575-BF5749087E9C}.Release|Any CPU.ActiveCfg = Release|Any CPU
		{72845648-84EC-4A87-8575-BF5749087E9C}.Release|Any CPU.Build.0 = Release|Any CPU
		{9E111370-E209-46D7-A77D-87EC33B5CF0E}.Debug|Any CPU.ActiveCfg = Debug|Any CPU
		{9E111370-E209-46D7-A77D-87EC33B5CF0E}.Debug|Any CPU.Build.0 = Debug|Any CPU
		{9E111370-E209-46D7-A77D-87EC33B5CF0E}.Release|Any CPU.ActiveCfg = Release|Any CPU
		{9E111370-E209-46D7-A77D-87EC33B5CF0E}.Release|Any CPU.Build.0 = Release|Any CPU
		{BDD97C0E-93A5-448E-9633-01BBF9F79D35}.Debug|Any CPU.ActiveCfg = Debug|Any CPU
		{BDD97C0E-93A5-448E-9633-01BBF9F79D35}.Debug|Any CPU.Build.0 = Debug|Any CPU
		{BDD97C0E-93A5-448E-9633-01BBF9F79D35}.Release|Any CPU.ActiveCfg = Release|Any CPU
		{BDD97C0E-93A5-448E-9633-01BBF9F79D35}.Release|Any CPU.Build.0 = Release|Any CPU
		{F714E099-8303-41D3-9BEB-057BDC27414A}.Debug|Any CPU.ActiveCfg = Debug|Any CPU
		{F714E099-8303-41D3-9BEB-057BDC27414A}.Debug|Any CPU.Build.0 = Debug|Any CPU
		{F714E099-8303-41D3-9BEB-057BDC27414A}.Release|Any CPU.ActiveCfg = Release|Any CPU
		{F714E099-8303-41D3-9BEB-057BDC27414A}.Release|Any CPU.Build.0 = Release|Any CPU
		{6F2C6AB9-1103-48A2-A3E1-73A01FD8549F}.Debug|Any CPU.ActiveCfg = Debug|Any CPU
		{6F2C6AB9-1103-48A2-A3E1-73A01FD8549F}.Debug|Any CPU.Build.0 = Debug|Any CPU
		{6F2C6AB9-1103-48A2-A3E1-73A01FD8549F}.Release|Any CPU.ActiveCfg = Release|Any CPU
		{6F2C6AB9-1103-48A2-A3E1-73A01FD8549F}.Release|Any CPU.Build.0 = Release|Any CPU
	EndGlobalSection
	GlobalSection(SolutionProperties) = preSolution
		HideSolutionNode = FALSE
	EndGlobalSection
	GlobalSection(ExtensibilityGlobals) = postSolution
		SolutionGuid = {6449AA5F-F4DB-49ED-B834-FA3FD8A83FDF}
	EndGlobalSection
EndGlobal
